// !$*UTF8*$!
{
	archiveVersion = 1;
	classes = {
	};
	objectVersion = 52;
	objects = {

/* Begin PBXAggregateTarget section */
		"imaizume.github.io::imaizume.github.ioPackageTests::ProductTarget" /* imaizume.github.ioPackageTests */ = {
			isa = PBXAggregateTarget;
			buildConfigurationList = OBJ_35 /* Build configuration list for PBXAggregateTarget "imaizume.github.ioPackageTests" */;
			buildPhases = (
			);
			dependencies = (
				OBJ_38 /* PBXTargetDependency */,
			);
			name = imaizume.github.ioPackageTests;
			productName = imaizume.github.ioPackageTests;
		};
/* End PBXAggregateTarget section */

/* Begin PBXBuildFile section */
		17EF3B2E238D728A00FF0E10 /* SwiftLintFramework in Frameworks */ = {isa = PBXBuildFile; productRef = 17EF3B2D238D728A00FF0E10 /* SwiftLintFramework */; };
		17EF3B31238D7CC500FF0E10 /* extensions.swift in Sources */ = {isa = PBXBuildFile; fileRef = 17EF3B30238D7CC500FF0E10 /* extensions.swift */; };
		17EFF488238C24C700B878BA /* Html in Frameworks */ = {isa = PBXBuildFile; productRef = 17EFF487238C24C700B878BA /* Html */; };
		8A3D58032585E50100E95A54 /* SwiftDate in Frameworks */ = {isa = PBXBuildFile; productRef = 8A3D58022585E50100E95A54 /* SwiftDate */; };
		OBJ_26 /* main.swift in Sources */ = {isa = PBXBuildFile; fileRef = OBJ_9 /* main.swift */; };
		OBJ_33 /* Package.swift in Sources */ = {isa = PBXBuildFile; fileRef = OBJ_6 /* Package.swift */; };
		OBJ_44 /* XCTestManifests.swift in Sources */ = {isa = PBXBuildFile; fileRef = OBJ_12 /* XCTestManifests.swift */; };
		OBJ_45 /* imaizume_github_ioTests.swift in Sources */ = {isa = PBXBuildFile; fileRef = OBJ_13 /* imaizume_github_ioTests.swift */; };
/* End PBXBuildFile section */

/* Begin PBXContainerItemProxy section */
		17EFF483238C233400B878BA /* PBXContainerItemProxy */ = {
			isa = PBXContainerItemProxy;
			containerPortal = OBJ_1 /* Project object */;
			proxyType = 1;
			remoteGlobalIDString = "imaizume.github.io::imaizume.github.io";
			remoteInfo = imaizume.github.io;
		};
		17EFF484238C233600B878BA /* PBXContainerItemProxy */ = {
			isa = PBXContainerItemProxy;
			containerPortal = OBJ_1 /* Project object */;
			proxyType = 1;
			remoteGlobalIDString = "imaizume.github.io::imaizume.github.ioTests";
			remoteInfo = imaizume.github.ioTests;
		};
/* End PBXContainerItemProxy section */

/* Begin PBXFileReference section */
		17EF3B30238D7CC500FF0E10 /* extensions.swift */ = {isa = PBXFileReference; lastKnownFileType = sourcecode.swift; path = extensions.swift; sourceTree = "<group>"; };
		OBJ_12 /* XCTestManifests.swift */ = {isa = PBXFileReference; lastKnownFileType = sourcecode.swift; path = XCTestManifests.swift; sourceTree = "<group>"; };
		OBJ_13 /* imaizume_github_ioTests.swift */ = {isa = PBXFileReference; lastKnownFileType = sourcecode.swift; path = imaizume_github_ioTests.swift; sourceTree = "<group>"; };
		OBJ_17 /* img */ = {isa = PBXFileReference; lastKnownFileType = folder; path = img; sourceTree = SOURCE_ROOT; };
		OBJ_18 /* index.html */ = {isa = PBXFileReference; lastKnownFileType = text.html; path = index.html; sourceTree = "<group>"; };
		OBJ_19 /* CNAME */ = {isa = PBXFileReference; lastKnownFileType = text; path = CNAME; sourceTree = "<group>"; };
		OBJ_20 /* README.md */ = {isa = PBXFileReference; lastKnownFileType = net.daringfireball.markdown; path = README.md; sourceTree = "<group>"; };
		OBJ_6 /* Package.swift */ = {isa = PBXFileReference; explicitFileType = sourcecode.swift; path = Package.swift; sourceTree = "<group>"; };
		OBJ_9 /* main.swift */ = {isa = PBXFileReference; lastKnownFileType = sourcecode.swift; path = main.swift; sourceTree = "<group>"; };
		"imaizume.github.io::imaizume.github.io::Product" /* imaizume.github.io */ = {isa = PBXFileReference; lastKnownFileType = file; path = imaizume.github.io; sourceTree = BUILT_PRODUCTS_DIR; };
		"imaizume.github.io::imaizume.github.ioTests::Product" /* imaizume_github_ioTests.xctest */ = {isa = PBXFileReference; lastKnownFileType = file; name = imaizume_github_ioTests.xctest; path = imaizume.github.ioTests.xctest; sourceTree = BUILT_PRODUCTS_DIR; };
/* End PBXFileReference section */

/* Begin PBXFrameworksBuildPhase section */
		OBJ_27 /* Frameworks */ = {
			isa = PBXFrameworksBuildPhase;
			buildActionMask = 0;
			files = (
				17EF3B2E238D728A00FF0E10 /* SwiftLintFramework in Frameworks */,
				17EFF488238C24C700B878BA /* Html in Frameworks */,
				8A3D58032585E50100E95A54 /* SwiftDate in Frameworks */,
			);
			runOnlyForDeploymentPostprocessing = 0;
		};
		OBJ_46 /* Frameworks */ = {
			isa = PBXFrameworksBuildPhase;
			buildActionMask = 0;
			files = (
			);
			runOnlyForDeploymentPostprocessing = 0;
		};
/* End PBXFrameworksBuildPhase section */

/* Begin PBXGroup section */
		OBJ_10 /* Tests */ = {
			isa = PBXGroup;
			children = (
				OBJ_11 /* imaizume.github.ioTests */,
			);
			name = Tests;
			sourceTree = SOURCE_ROOT;
		};
		OBJ_11 /* imaizume.github.ioTests */ = {
			isa = PBXGroup;
			children = (
				OBJ_12 /* XCTestManifests.swift */,
				OBJ_13 /* imaizume_github_ioTests.swift */,
			);
			name = imaizume.github.ioTests;
			path = Tests/imaizume.github.ioTests;
			sourceTree = SOURCE_ROOT;
		};
		OBJ_14 /* Products */ = {
			isa = PBXGroup;
			children = (
				"imaizume.github.io::imaizume.github.ioTests::Product" /* imaizume_github_ioTests.xctest */,
				"imaizume.github.io::imaizume.github.io::Product" /* imaizume.github.io */,
			);
			name = Products;
			sourceTree = BUILT_PRODUCTS_DIR;
		};
		OBJ_5 = {
			isa = PBXGroup;
			children = (
				OBJ_6 /* Package.swift */,
				OBJ_7 /* Sources */,
				OBJ_10 /* Tests */,
				OBJ_14 /* Products */,
				OBJ_17 /* img */,
				OBJ_18 /* index.html */,
				OBJ_19 /* CNAME */,
				OBJ_20 /* README.md */,
			);
			sourceTree = "<group>";
		};
		OBJ_7 /* Sources */ = {
			isa = PBXGroup;
			children = (
				OBJ_8 /* imaizume.github.io */,
			);
			name = Sources;
			sourceTree = SOURCE_ROOT;
		};
		OBJ_8 /* imaizume.github.io */ = {
			isa = PBXGroup;
			children = (
				OBJ_9 /* main.swift */,
				17EF3B30238D7CC500FF0E10 /* extensions.swift */,
			);
			name = imaizume.github.io;
			path = Sources/imaizume.github.io;
			sourceTree = SOURCE_ROOT;
		};
/* End PBXGroup section */

/* Begin PBXNativeTarget section */
		"imaizume.github.io::SwiftPMPackageDescription" /* imaizume.github.ioPackageDescription */ = {
			isa = PBXNativeTarget;
			buildConfigurationList = OBJ_29 /* Build configuration list for PBXNativeTarget "imaizume.github.ioPackageDescription" */;
			buildPhases = (
				OBJ_32 /* Sources */,
			);
			buildRules = (
			);
			dependencies = (
			);
			name = imaizume.github.ioPackageDescription;
			productName = imaizume.github.ioPackageDescription;
			productType = "com.apple.product-type.framework";
		};
		"imaizume.github.io::imaizume.github.io" /* imaizume.github.io */ = {
			isa = PBXNativeTarget;
			buildConfigurationList = OBJ_22 /* Build configuration list for PBXNativeTarget "imaizume.github.io" */;
			buildPhases = (
				17EF3B2F238D72AB00FF0E10 /* ShellScript */,
				OBJ_25 /* Sources */,
				OBJ_27 /* Frameworks */,
			);
			buildRules = (
			);
			dependencies = (
			);
			name = imaizume.github.io;
			packageProductDependencies = (
				17EFF487238C24C700B878BA /* Html */,
				17EF3B2D238D728A00FF0E10 /* SwiftLintFramework */,
				8A3D58022585E50100E95A54 /* SwiftDate */,
			);
			productName = imaizume_github_io;
			productReference = "imaizume.github.io::imaizume.github.io::Product" /* imaizume.github.io */;
			productType = "com.apple.product-type.tool";
		};
		"imaizume.github.io::imaizume.github.ioTests" /* imaizume.github.ioTests */ = {
			isa = PBXNativeTarget;
			buildConfigurationList = OBJ_40 /* Build configuration list for PBXNativeTarget "imaizume.github.ioTests" */;
			buildPhases = (
				OBJ_43 /* Sources */,
				OBJ_46 /* Frameworks */,
			);
			buildRules = (
			);
			dependencies = (
				OBJ_47 /* PBXTargetDependency */,
			);
			name = imaizume.github.ioTests;
			productName = imaizume_github_ioTests;
			productReference = "imaizume.github.io::imaizume.github.ioTests::Product" /* imaizume_github_ioTests.xctest */;
			productType = "com.apple.product-type.bundle.unit-test";
		};
/* End PBXNativeTarget section */

/* Begin PBXProject section */
		OBJ_1 /* Project object */ = {
			isa = PBXProject;
			attributes = {
				LastSwiftMigration = 9999;
				LastUpgradeCheck = 9999;
			};
			buildConfigurationList = OBJ_2 /* Build configuration list for PBXProject "imaizume.github.io" */;
			compatibilityVersion = "Xcode 3.2";
			developmentRegion = en;
			hasScannedForEncodings = 0;
			knownRegions = (
				en,
			);
			mainGroup = OBJ_5;
			packageReferences = (
				17EFF486238C24C700B878BA /* XCRemoteSwiftPackageReference "swift-html" */,
				17EF3B2C238D728A00FF0E10 /* XCRemoteSwiftPackageReference "SwiftLint" */,
				8A3D58012585E50100E95A54 /* XCRemoteSwiftPackageReference "SwiftDate" */,
			);
			productRefGroup = OBJ_14 /* Products */;
			projectDirPath = "";
			projectRoot = "";
			targets = (
				"imaizume.github.io::imaizume.github.io" /* imaizume.github.io */,
				"imaizume.github.io::SwiftPMPackageDescription" /* imaizume.github.ioPackageDescription */,
				"imaizume.github.io::imaizume.github.ioPackageTests::ProductTarget" /* imaizume.github.ioPackageTests */,
				"imaizume.github.io::imaizume.github.ioTests" /* imaizume.github.ioTests */,
			);
		};
/* End PBXProject section */

/* Begin PBXShellScriptBuildPhase section */
		17EF3B2F238D72AB00FF0E10 /* ShellScript */ = {
			isa = PBXShellScriptBuildPhase;
			buildActionMask = 2147483647;
			files = (
			);
			inputFileListPaths = (
			);
			inputPaths = (
			);
			outputFileListPaths = (
			);
			outputPaths = (
			);
			runOnlyForDeploymentPostprocessing = 0;
			shellPath = /bin/sh;
			shellScript = "if which swiftlint >/dev/null; then\n  swiftlint autocorrect --format\nelse\n  echo \"warning: SwiftLint not installed, download from https://github.com/realm/SwiftLint\"\nfi\n";
		};
/* End PBXShellScriptBuildPhase section */

/* Begin PBXSourcesBuildPhase section */
		OBJ_25 /* Sources */ = {
			isa = PBXSourcesBuildPhase;
			buildActionMask = 0;
			files = (
				OBJ_26 /* main.swift in Sources */,
				17EF3B31238D7CC500FF0E10 /* extensions.swift in Sources */,
			);
			runOnlyForDeploymentPostprocessing = 0;
		};
		OBJ_32 /* Sources */ = {
			isa = PBXSourcesBuildPhase;
			buildActionMask = 0;
			files = (
				OBJ_33 /* Package.swift in Sources */,
			);
			runOnlyForDeploymentPostprocessing = 0;
		};
		OBJ_43 /* Sources */ = {
			isa = PBXSourcesBuildPhase;
			buildActionMask = 0;
			files = (
				OBJ_44 /* XCTestManifests.swift in Sources */,
				OBJ_45 /* imaizume_github_ioTests.swift in Sources */,
			);
			runOnlyForDeploymentPostprocessing = 0;
		};
/* End PBXSourcesBuildPhase section */

/* Begin PBXTargetDependency section */
		OBJ_38 /* PBXTargetDependency */ = {
			isa = PBXTargetDependency;
			target = "imaizume.github.io::imaizume.github.ioTests" /* imaizume.github.ioTests */;
			targetProxy = 17EFF484238C233600B878BA /* PBXContainerItemProxy */;
		};
		OBJ_47 /* PBXTargetDependency */ = {
			isa = PBXTargetDependency;
			target = "imaizume.github.io::imaizume.github.io" /* imaizume.github.io */;
			targetProxy = 17EFF483238C233400B878BA /* PBXContainerItemProxy */;
		};
/* End PBXTargetDependency section */

/* Begin XCBuildConfiguration section */
		OBJ_23 /* Debug */ = {
			isa = XCBuildConfiguration;
			buildSettings = {
				FRAMEWORK_SEARCH_PATHS = (
					"$(inherited)",
					"$(PLATFORM_DIR)/Developer/Library/Frameworks",
				);
				HEADER_SEARCH_PATHS = "$(inherited)";
				INFOPLIST_FILE = imaizume.github.io.xcodeproj/imaizume_github_io_Info.plist;
				IPHONEOS_DEPLOYMENT_TARGET = 8.0;
				LD_RUNPATH_SEARCH_PATHS = (
					"$(inherited)",
					"$(TOOLCHAIN_DIR)/usr/lib/swift/macosx",
					"@executable_path",
				);
				MACOSX_DEPLOYMENT_TARGET = 10.10;
				OTHER_CFLAGS = "$(inherited)";
				OTHER_LDFLAGS = "$(inherited)";
				OTHER_SWIFT_FLAGS = "$(inherited)";
				SWIFT_ACTIVE_COMPILATION_CONDITIONS = "$(inherited)";
				SWIFT_FORCE_DYNAMIC_LINK_STDLIB = YES;
				SWIFT_FORCE_STATIC_LINK_STDLIB = NO;
				SWIFT_VERSION = 5.0;
				TARGET_NAME = imaizume.github.io;
				TVOS_DEPLOYMENT_TARGET = 9.0;
				WATCHOS_DEPLOYMENT_TARGET = 2.0;
			};
			name = Debug;
		};
		OBJ_24 /* Release */ = {
			isa = XCBuildConfiguration;
			buildSettings = {
				FRAMEWORK_SEARCH_PATHS = (
					"$(inherited)",
					"$(PLATFORM_DIR)/Developer/Library/Frameworks",
				);
				HEADER_SEARCH_PATHS = "$(inherited)";
				INFOPLIST_FILE = imaizume.github.io.xcodeproj/imaizume_github_io_Info.plist;
				IPHONEOS_DEPLOYMENT_TARGET = 8.0;
				LD_RUNPATH_SEARCH_PATHS = (
					"$(inherited)",
					"$(TOOLCHAIN_DIR)/usr/lib/swift/macosx",
					"@executable_path",
				);
				MACOSX_DEPLOYMENT_TARGET = 10.10;
				OTHER_CFLAGS = "$(inherited)";
				OTHER_LDFLAGS = "$(inherited)";
				OTHER_SWIFT_FLAGS = "$(inherited)";
				SWIFT_ACTIVE_COMPILATION_CONDITIONS = "$(inherited)";
				SWIFT_FORCE_DYNAMIC_LINK_STDLIB = YES;
				SWIFT_FORCE_STATIC_LINK_STDLIB = NO;
				SWIFT_VERSION = 5.0;
				TARGET_NAME = imaizume.github.io;
				TVOS_DEPLOYMENT_TARGET = 9.0;
				WATCHOS_DEPLOYMENT_TARGET = 2.0;
			};
			name = Release;
		};
		OBJ_3 /* Debug */ = {
			isa = XCBuildConfiguration;
			buildSettings = {
				CLANG_ENABLE_OBJC_ARC = YES;
				COMBINE_HIDPI_IMAGES = YES;
				COPY_PHASE_STRIP = NO;
				DEBUG_INFORMATION_FORMAT = dwarf;
				DYLIB_INSTALL_NAME_BASE = "@rpath";
				ENABLE_NS_ASSERTIONS = YES;
				GCC_OPTIMIZATION_LEVEL = 0;
				GCC_PREPROCESSOR_DEFINITIONS = (
					"$(inherited)",
					"SWIFT_PACKAGE=1",
					"DEBUG=1",
				);
				MACOSX_DEPLOYMENT_TARGET = 10.10;
				ONLY_ACTIVE_ARCH = YES;
				OTHER_SWIFT_FLAGS = "$(inherited) -DXcode";
				PRODUCT_NAME = "$(TARGET_NAME)";
				SDKROOT = macosx;
				SUPPORTED_PLATFORMS = "macosx iphoneos iphonesimulator appletvos appletvsimulator watchos watchsimulator";
				SWIFT_ACTIVE_COMPILATION_CONDITIONS = "$(inherited) SWIFT_PACKAGE DEBUG";
				SWIFT_OPTIMIZATION_LEVEL = "-Onone";
				USE_HEADERMAP = NO;
			};
			name = Debug;
		};
		OBJ_30 /* Debug */ = {
			isa = XCBuildConfiguration;
			buildSettings = {
				LD = /usr/bin/true;
				OTHER_SWIFT_FLAGS = "-swift-version 5 -I $(TOOLCHAIN_DIR)/usr/lib/swift/pm/4_2 -target x86_64-apple-macosx10.10 -sdk /Applications/Xcode.app/Contents/Developer/Platforms/MacOSX.platform/Developer/SDKs/MacOSX10.15.sdk -package-description-version 5.1";
				SWIFT_VERSION = 5.0;
			};
			name = Debug;
		};
		OBJ_31 /* Release */ = {
			isa = XCBuildConfiguration;
			buildSettings = {
				LD = /usr/bin/true;
				OTHER_SWIFT_FLAGS = "-swift-version 5 -I $(TOOLCHAIN_DIR)/usr/lib/swift/pm/4_2 -target x86_64-apple-macosx10.10 -sdk /Applications/Xcode.app/Contents/Developer/Platforms/MacOSX.platform/Developer/SDKs/MacOSX10.15.sdk -package-description-version 5.1";
				SWIFT_VERSION = 5.0;
			};
			name = Release;
		};
		OBJ_36 /* Debug */ = {
			isa = XCBuildConfiguration;
			buildSettings = {
			};
			name = Debug;
		};
		OBJ_37 /* Release */ = {
			isa = XCBuildConfiguration;
			buildSettings = {
			};
			name = Release;
		};
		OBJ_4 /* Release */ = {
			isa = XCBuildConfiguration;
			buildSettings = {
				CLANG_ENABLE_OBJC_ARC = YES;
				COMBINE_HIDPI_IMAGES = YES;
				COPY_PHASE_STRIP = YES;
				DEBUG_INFORMATION_FORMAT = "dwarf-with-dsym";
				DYLIB_INSTALL_NAME_BASE = "@rpath";
				GCC_OPTIMIZATION_LEVEL = s;
				GCC_PREPROCESSOR_DEFINITIONS = (
					"$(inherited)",
					"SWIFT_PACKAGE=1",
				);
				MACOSX_DEPLOYMENT_TARGET = 10.10;
				OTHER_SWIFT_FLAGS = "$(inherited) -DXcode";
				PRODUCT_NAME = "$(TARGET_NAME)";
				SDKROOT = macosx;
				SUPPORTED_PLATFORMS = "macosx iphoneos iphonesimulator appletvos appletvsimulator watchos watchsimulator";
				SWIFT_ACTIVE_COMPILATION_CONDITIONS = "$(inherited) SWIFT_PACKAGE";
				SWIFT_COMPILATION_MODE = wholemodule;
				SWIFT_OPTIMIZATION_LEVEL = "-O";
				USE_HEADERMAP = NO;
			};
			name = Release;
		};
		OBJ_41 /* Debug */ = {
			isa = XCBuildConfiguration;
			buildSettings = {
				CLANG_ENABLE_MODULES = YES;
				EMBEDDED_CONTENT_CONTAINS_SWIFT = YES;
				FRAMEWORK_SEARCH_PATHS = (
					"$(inherited)",
					"$(PLATFORM_DIR)/Developer/Library/Frameworks",
				);
				HEADER_SEARCH_PATHS = "$(inherited)";
				INFOPLIST_FILE = imaizume.github.io.xcodeproj/imaizume_github_ioTests_Info.plist;
				IPHONEOS_DEPLOYMENT_TARGET = 8.0;
				LD_RUNPATH_SEARCH_PATHS = (
					"$(inherited)",
					"@loader_path/../Frameworks",
					"@loader_path/Frameworks",
				);
				MACOSX_DEPLOYMENT_TARGET = 10.10;
				OTHER_CFLAGS = "$(inherited)";
				OTHER_LDFLAGS = "$(inherited)";
				OTHER_SWIFT_FLAGS = "$(inherited)";
				SWIFT_ACTIVE_COMPILATION_CONDITIONS = "$(inherited)";
				SWIFT_VERSION = 5.0;
				TARGET_NAME = imaizume.github.ioTests;
				TVOS_DEPLOYMENT_TARGET = 9.0;
				WATCHOS_DEPLOYMENT_TARGET = 2.0;
			};
			name = Debug;
		};
		OBJ_42 /* Release */ = {
			isa = XCBuildConfiguration;
			buildSettings = {
				CLANG_ENABLE_MODULES = YES;
				EMBEDDED_CONTENT_CONTAINS_SWIFT = YES;
				FRAMEWORK_SEARCH_PATHS = (
					"$(inherited)",
					"$(PLATFORM_DIR)/Developer/Library/Frameworks",
				);
				HEADER_SEARCH_PATHS = "$(inherited)";
				INFOPLIST_FILE = imaizume.github.io.xcodeproj/imaizume_github_ioTests_Info.plist;
				IPHONEOS_DEPLOYMENT_TARGET = 8.0;
				LD_RUNPATH_SEARCH_PATHS = (
					"$(inherited)",
					"@loader_path/../Frameworks",
					"@loader_path/Frameworks",
				);
				MACOSX_DEPLOYMENT_TARGET = 10.10;
				OTHER_CFLAGS = "$(inherited)";
				OTHER_LDFLAGS = "$(inherited)";
				OTHER_SWIFT_FLAGS = "$(inherited)";
				SWIFT_ACTIVE_COMPILATION_CONDITIONS = "$(inherited)";
				SWIFT_VERSION = 5.0;
				TARGET_NAME = imaizume.github.ioTests;
				TVOS_DEPLOYMENT_TARGET = 9.0;
				WATCHOS_DEPLOYMENT_TARGET = 2.0;
			};
			name = Release;
		};
/* End XCBuildConfiguration section */

/* Begin XCConfigurationList section */
		OBJ_2 /* Build configuration list for PBXProject "imaizume.github.io" */ = {
			isa = XCConfigurationList;
			buildConfigurations = (
				OBJ_3 /* Debug */,
				OBJ_4 /* Release */,
			);
			defaultConfigurationIsVisible = 0;
			defaultConfigurationName = Release;
		};
		OBJ_22 /* Build configuration list for PBXNativeTarget "imaizume.github.io" */ = {
			isa = XCConfigurationList;
			buildConfigurations = (
				OBJ_23 /* Debug */,
				OBJ_24 /* Release */,
			);
			defaultConfigurationIsVisible = 0;
			defaultConfigurationName = Release;
		};
		OBJ_29 /* Build configuration list for PBXNativeTarget "imaizume.github.ioPackageDescription" */ = {
			isa = XCConfigurationList;
			buildConfigurations = (
				OBJ_30 /* Debug */,
				OBJ_31 /* Release */,
			);
			defaultConfigurationIsVisible = 0;
			defaultConfigurationName = Release;
		};
		OBJ_35 /* Build configuration list for PBXAggregateTarget "imaizume.github.ioPackageTests" */ = {
			isa = XCConfigurationList;
			buildConfigurations = (
				OBJ_36 /* Debug */,
				OBJ_37 /* Release */,
			);
			defaultConfigurationIsVisible = 0;
			defaultConfigurationName = Release;
		};
		OBJ_40 /* Build configuration list for PBXNativeTarget "imaizume.github.ioTests" */ = {
			isa = XCConfigurationList;
			buildConfigurations = (
				OBJ_41 /* Debug */,
				OBJ_42 /* Release */,
			);
			defaultConfigurationIsVisible = 0;
			defaultConfigurationName = Release;
		};
/* End XCConfigurationList section */

/* Begin XCRemoteSwiftPackageReference section */
		17EF3B2C238D728A00FF0E10 /* XCRemoteSwiftPackageReference "SwiftLint" */ = {
			isa = XCRemoteSwiftPackageReference;
			repositoryURL = "https://github.com/realm/SwiftLint.git";
			requirement = {
				kind = upToNextMajorVersion;
				minimumVersion = 0.37.0;
			};
		};
		17EFF486238C24C700B878BA /* XCRemoteSwiftPackageReference "swift-html" */ = {
			isa = XCRemoteSwiftPackageReference;
			repositoryURL = "https://github.com/pointfreeco/swift-html.git";
			requirement = {
				kind = upToNextMajorVersion;
				minimumVersion = 0.3.1;
			};
		};
		8A3D58012585E50100E95A54 /* XCRemoteSwiftPackageReference "SwiftDate" */ = {
			isa = XCRemoteSwiftPackageReference;
			repositoryURL = "https://github.com/malcommac/SwiftDate";
			requirement = {
				kind = upToNextMajorVersion;
				minimumVersion = 6.3.1;
			};
		};
/* End XCRemoteSwiftPackageReference section */

/* Begin XCSwiftPackageProductDependency section */
		17EF3B2D238D728A00FF0E10 /* SwiftLintFramework */ = {
			isa = XCSwiftPackageProductDependency;
			package = 17EF3B2C238D728A00FF0E10 /* XCRemoteSwiftPackageReference "SwiftLint" */;
			productName = SwiftLintFramework;
		};
		17EFF487238C24C700B878BA /* Html */ = {
			isa = XCSwiftPackageProductDependency;
			package = 17EFF486238C24C700B878BA /* XCRemoteSwiftPackageReference "swift-html" */;
			productName = Html;
		};
		8A3D58022585E50100E95A54 /* SwiftDate */ = {
			isa = XCSwiftPackageProductDependency;
			package = 8A3D58012585E50100E95A54 /* XCRemoteSwiftPackageReference "SwiftDate" */;
			productName = SwiftDate;
		};
/* End XCSwiftPackageProductDependency section */
	};
	rootObject = OBJ_1 /* Project object */;
}
